
Microsoft Visual Studio Solution File, Format Version 12.00
# Visual Studio 15
VisualStudioVersion = 15.0.26403.7
MinimumVisualStudioVersion = 10.0.40219.1
Project("{FAE04EC0-301F-11D3-BF4B-00C04F79EFBC}") = "Presentation1_Task1", "Presentation1_Task1\Presentation1_Task1.csproj", "{D35F0D20-A1AF-440E-A4FA-CFEFCF0ED88F}"
EndProject
Project("{FAE04EC0-301F-11D3-BF4B-00C04F79EFBC}") = "Presentation1_Task2", "Presentation1_Task2\Presentation1_Task2.csproj", "{59F24302-A42A-4BD3-9C85-91E434AA3BAB}"
EndProject
Project("{FAE04EC0-301F-11D3-BF4B-00C04F79EFBC}") = "Presentation1_Task3", "Presentation1_Task3\Presentation1_Task3.csproj", "{615E272B-860E-4C94-91BC-49261D38E02D}"
EndProject
Project("{FAE04EC0-301F-11D3-BF4B-00C04F79EFBC}") = "Presentation1_Task4", "Presentation1_Task4\Presentation1_Task4.csproj", "{970F60CB-9849-47E8-82AB-6213135AB12B}"
EndProject
Project("{FAE04EC0-301F-11D3-BF4B-00C04F79EFBC}") = "Presentation1_HW1_Task1", "Presentation1_HW1_Task1\Presentation1_HW1_Task1.csproj", "{0ADFE359-1868-4860-9AB2-CFFF8167D1E1}"
EndProject
Project("{FAE04EC0-301F-11D3-BF4B-00C04F79EFBC}") = "Presentation1_HW1_Task2", "Presentation1_HW1_Task2\Presentation1_HW1_Task2.csproj", "{F1DB47EF-285F-45EB-8254-A2563E370D8E}"
EndProject
Project("{FAE04EC0-301F-11D3-BF4B-00C04F79EFBC}") = "Presentation1_HW1_Task3", "Presenttaion1_HW1_Task3\Presentation1_HW1_Task3.csproj", "{04395490-6E79-4B61-996D-FB33FC738C96}"
EndProject
Project("{FAE04EC0-301F-11D3-BF4B-00C04F79EFBC}") = "Presentation3_Task1_1", "Presentation3_Task1_1\Presentation3_Task1_1.csproj", "{2D0E8007-B078-4D7B-ADDA-94A484090A80}"
EndProject
Project("{FAE04EC0-301F-11D3-BF4B-00C04F79EFBC}") = "Presentation3_Task1_2", "Presentation3_Task1_2\Presentation3_Task1_2.csproj", "{A7C09A62-F442-4206-AB8A-E191244CC091}"
EndProject
Project("{FAE04EC0-301F-11D3-BF4B-00C04F79EFBC}") = "Presentation3_Task1_3", "Presentation3_Task1_3\Presentation3_Task1_3.csproj", "{D03B5410-7A16-4F4D-A6C1-D5DB220A28BD}"
EndProject
Project("{FAE04EC0-301F-11D3-BF4B-00C04F79EFBC}") = "Presentation3_Task2_1", "Presentation3_Task2_1\Presentation3_Task2_1.csproj", "{8C7765E4-D6AC-4F2E-B46C-37A5940EC9AF}"
EndProject
Project("{FAE04EC0-301F-11D3-BF4B-00C04F79EFBC}") = "presentation3_Task2_2", "presentation3_Task2_2\presentation3_Task2_2.csproj", "{8299E19C-79E4-424D-9A72-EB34BCFE9E47}"
EndProject
Project("{2150E333-8FDC-42A3-9474-1A3956D46DE8}") = "HW1", "HW1", "{81EE84E9-7084-40E4-9470-92E1108DA259}"
EndProject
Project("{2150E333-8FDC-42A3-9474-1A3956D46DE8}") = "Task1", "Task1", "{97ACE19E-FD73-438D-9FEC-FFDFB7010609}"
EndProject
Project("{2150E333-8FDC-42A3-9474-1A3956D46DE8}") = "Task2_1_And_Task2_2", "Task2_1_And_Task2_2", "{163CF48E-D7B5-411C-9E15-675F0118D84C}"
EndProject
Project("{2150E333-8FDC-42A3-9474-1A3956D46DE8}") = "HW2", "HW2", "{0CB01797-11CC-4638-BD46-FFD198983F77}"
EndProject
Project("{FAE04EC0-301F-11D3-BF4B-00C04F79EFBC}") = "Presentation3_HW1_Task1", "Presentation3_HW1_Task1\Presentation3_HW1_Task1.csproj", "{78BA2A86-6697-4539-80D1-BFF09E95F4CF}"
EndProject
Project("{FAE04EC0-301F-11D3-BF4B-00C04F79EFBC}") = "Presentation3_HW1_Task2", "Presentation3_HW1_Task2\Presentation3_HW1_Task2.csproj", "{2263F45E-CA0A-48B7-A3EF-DA1697D9241D}"
EndProject
Project("{FAE04EC0-301F-11D3-BF4B-00C04F79EFBC}") = "Presentation3_HW1_Task3", "Presentation3_HW1_Task3\Presentation3_HW1_Task3.csproj", "{21D6034E-EA05-4E63-921C-3BC82902DF45}"
EndProject
Project("{FAE04EC0-301F-11D3-BF4B-00C04F79EFBC}") = "Presentation3_HW1_Task4", "Presentation3_HW1_Task4\Presentation3_HW1_Task4.csproj", "{48F4E7F4-FDE5-4CBD-B5E3-ECF8D9DC7EAC}"
EndProject
Project("{2150E333-8FDC-42A3-9474-1A3956D46DE8}") = "Task3", "Task3", "{1BA2B81B-3CB2-4D1B-95F6-D429FEEBCCCE}"
EndProject
Project("{FAE04EC0-301F-11D3-BF4B-00C04F79EFBC}") = "Presentation4_Task1", "Presentation4_Task1\Presentation4_Task1.csproj", "{5DC65C9C-8776-4D03-8AFF-45D0AB7527B7}"
EndProject
Project("{FAE04EC0-301F-11D3-BF4B-00C04F79EFBC}") = "Presentation4_Task2", "Presentation4_Task2\Presentation4_Task2.csproj", "{C6C6F558-F000-4760-8E84-793D7437FE99}"
EndProject
Project("{FAE04EC0-301F-11D3-BF4B-00C04F79EFBC}") = "Presentation4_Task3", "Presentation4_Task3\Presentation4_Task3.csproj", "{BAA2A8BE-3486-4D64-A455-0A2E387F6696}"
EndProject
Project("{FAE04EC0-301F-11D3-BF4B-00C04F79EFBC}") = "Presentation4_Task4", "Presentation4_Task4\Presentation4_Task4.csproj", "{CDD6D816-FBD8-4051-938B-65A06B262FC7}"
EndProject
Project("{FAE04EC0-301F-11D3-BF4B-00C04F79EFBC}") = "Presentation4_Task5", "Presentation4_Task5\Presentation4_Task5.csproj", "{73E91D49-A273-4731-901F-58A34FA5CC19}"
EndProject
Project("{FAE04EC0-301F-11D3-BF4B-00C04F79EFBC}") = "Presentation4_Task6", "Presentation4_Task6\Presentation4_Task6.csproj", "{695E9A37-0DC3-424C-A779-5547874C3AA1}"
EndProject
Project("{FAE04EC0-301F-11D3-BF4B-00C04F79EFBC}") = "Presentation4_Task7", "Presentation4_Task7\Presentation4_Task7.csproj", "{167BE5D3-9CBB-47C6-A6BA-55EBBF544528}"
EndProject
Project("{2150E333-8FDC-42A3-9474-1A3956D46DE8}") = "HW3", "HW3", "{0D8F047A-42D3-45FC-B2FD-F1820E34A35E}"
EndProject
Project("{FAE04EC0-301F-11D3-BF4B-00C04F79EFBC}") = "Presentation4_HW_Task1", "Presentation4_HW_Task1\Presentation4_HW_Task1.csproj", "{75172763-BA3D-43C1-BDF9-B00683862625}"
EndProject
Project("{FAE04EC0-301F-11D3-BF4B-00C04F79EFBC}") = "Presentation4_HW_Task2", "Presentation4_HW_Task2\Presentation4_HW_Task2.csproj", "{F95C1547-8391-4605-99DF-A11320FCD4C8}"
EndProject
Project("{FAE04EC0-301F-11D3-BF4B-00C04F79EFBC}") = "Presentation4_HW_Task3", "Presentation4_HW_Task3\Presentation4_HW_Task3.csproj", "{9BBBD3B8-C314-40D4-814E-6EF76834AECA}"
EndProject
Project("{2150E333-8FDC-42A3-9474-1A3956D46DE8}") = "AdditionalTasks_Arrays_Cycles", "AdditionalTasks_Arrays_Cycles", "{9A569E7F-5A09-4355-8282-0F17DB5AF2B7}"
EndProject
Project("{FAE04EC0-301F-11D3-BF4B-00C04F79EFBC}") = "Task14", "Task 14\Task14.csproj", "{10D8734E-2BCA-4E3B-8D72-A4327574FB90}"
EndProject
Project("{FAE04EC0-301F-11D3-BF4B-00C04F79EFBC}") = "Task16", "Task16\Task16.csproj", "{16F977DC-8A42-4DC3-A221-0A7270F7E499}"
EndProject
Global
	GlobalSection(SolutionConfigurationPlatforms) = preSolution
		Debug|Any CPU = Debug|Any CPU
		Release|Any CPU = Release|Any CPU
	EndGlobalSection
	GlobalSection(ProjectConfigurationPlatforms) = postSolution
		{D35F0D20-A1AF-440E-A4FA-CFEFCF0ED88F}.Debug|Any CPU.ActiveCfg = Debug|Any CPU
		{D35F0D20-A1AF-440E-A4FA-CFEFCF0ED88F}.Debug|Any CPU.Build.0 = Debug|Any CPU
		{D35F0D20-A1AF-440E-A4FA-CFEFCF0ED88F}.Release|Any CPU.ActiveCfg = Release|Any CPU
		{D35F0D20-A1AF-440E-A4FA-CFEFCF0ED88F}.Release|Any CPU.Build.0 = Release|Any CPU
		{59F24302-A42A-4BD3-9C85-91E434AA3BAB}.Debug|Any CPU.ActiveCfg = Debug|Any CPU
		{59F24302-A42A-4BD3-9C85-91E434AA3BAB}.Debug|Any CPU.Build.0 = Debug|Any CPU
		{59F24302-A42A-4BD3-9C85-91E434AA3BAB}.Release|Any CPU.ActiveCfg = Release|Any CPU
		{59F24302-A42A-4BD3-9C85-91E434AA3BAB}.Release|Any CPU.Build.0 = Release|Any CPU
		{615E272B-860E-4C94-91BC-49261D38E02D}.Debug|Any CPU.ActiveCfg = Debug|Any CPU
		{615E272B-860E-4C94-91BC-49261D38E02D}.Debug|Any CPU.Build.0 = Debug|Any CPU
		{615E272B-860E-4C94-91BC-49261D38E02D}.Release|Any CPU.ActiveCfg = Release|Any CPU
		{615E272B-860E-4C94-91BC-49261D38E02D}.Release|Any CPU.Build.0 = Release|Any CPU
		{970F60CB-9849-47E8-82AB-6213135AB12B}.Debug|Any CPU.ActiveCfg = Debug|Any CPU
		{970F60CB-9849-47E8-82AB-6213135AB12B}.Debug|Any CPU.Build.0 = Debug|Any CPU
		{970F60CB-9849-47E8-82AB-6213135AB12B}.Release|Any CPU.ActiveCfg = Release|Any CPU
		{970F60CB-9849-47E8-82AB-6213135AB12B}.Release|Any CPU.Build.0 = Release|Any CPU
		{0ADFE359-1868-4860-9AB2-CFFF8167D1E1}.Debug|Any CPU.ActiveCfg = Debug|Any CPU
		{0ADFE359-1868-4860-9AB2-CFFF8167D1E1}.Debug|Any CPU.Build.0 = Debug|Any CPU
		{0ADFE359-1868-4860-9AB2-CFFF8167D1E1}.Release|Any CPU.ActiveCfg = Release|Any CPU
		{0ADFE359-1868-4860-9AB2-CFFF8167D1E1}.Release|Any CPU.Build.0 = Release|Any CPU
		{F1DB47EF-285F-45EB-8254-A2563E370D8E}.Debug|Any CPU.ActiveCfg = Debug|Any CPU
		{F1DB47EF-285F-45EB-8254-A2563E370D8E}.Debug|Any CPU.Build.0 = Debug|Any CPU
		{F1DB47EF-285F-45EB-8254-A2563E370D8E}.Release|Any CPU.ActiveCfg = Release|Any CPU
		{F1DB47EF-285F-45EB-8254-A2563E370D8E}.Release|Any CPU.Build.0 = Release|Any CPU
		{04395490-6E79-4B61-996D-FB33FC738C96}.Debug|Any CPU.ActiveCfg = Debug|Any CPU
		{04395490-6E79-4B61-996D-FB33FC738C96}.Debug|Any CPU.Build.0 = Debug|Any CPU
		{04395490-6E79-4B61-996D-FB33FC738C96}.Release|Any CPU.ActiveCfg = Release|Any CPU
		{04395490-6E79-4B61-996D-FB33FC738C96}.Release|Any CPU.Build.0 = Release|Any CPU
		{2D0E8007-B078-4D7B-ADDA-94A484090A80}.Debug|Any CPU.ActiveCfg = Debug|Any CPU
		{2D0E8007-B078-4D7B-ADDA-94A484090A80}.Debug|Any CPU.Build.0 = Debug|Any CPU
		{2D0E8007-B078-4D7B-ADDA-94A484090A80}.Release|Any CPU.ActiveCfg = Release|Any CPU
		{2D0E8007-B078-4D7B-ADDA-94A484090A80}.Release|Any CPU.Build.0 = Release|Any CPU
		{A7C09A62-F442-4206-AB8A-E191244CC091}.Debug|Any CPU.ActiveCfg = Debug|Any CPU
		{A7C09A62-F442-4206-AB8A-E191244CC091}.Debug|Any CPU.Build.0 = Debug|Any CPU
		{A7C09A62-F442-4206-AB8A-E191244CC091}.Release|Any CPU.ActiveCfg = Release|Any CPU
		{A7C09A62-F442-4206-AB8A-E191244CC091}.Release|Any CPU.Build.0 = Release|Any CPU
		{D03B5410-7A16-4F4D-A6C1-D5DB220A28BD}.Debug|Any CPU.ActiveCfg = Debug|Any CPU
		{D03B5410-7A16-4F4D-A6C1-D5DB220A28BD}.Debug|Any CPU.Build.0 = Debug|Any CPU
		{D03B5410-7A16-4F4D-A6C1-D5DB220A28BD}.Release|Any CPU.ActiveCfg = Release|Any CPU
		{D03B5410-7A16-4F4D-A6C1-D5DB220A28BD}.Release|Any CPU.Build.0 = Release|Any CPU
		{8C7765E4-D6AC-4F2E-B46C-37A5940EC9AF}.Debug|Any CPU.ActiveCfg = Debug|Any CPU
		{8C7765E4-D6AC-4F2E-B46C-37A5940EC9AF}.Debug|Any CPU.Build.0 = Debug|Any CPU
		{8C7765E4-D6AC-4F2E-B46C-37A5940EC9AF}.Release|Any CPU.ActiveCfg = Release|Any CPU
		{8C7765E4-D6AC-4F2E-B46C-37A5940EC9AF}.Release|Any CPU.Build.0 = Release|Any CPU
		{8299E19C-79E4-424D-9A72-EB34BCFE9E47}.Debug|Any CPU.ActiveCfg = Debug|Any CPU
		{8299E19C-79E4-424D-9A72-EB34BCFE9E47}.Debug|Any CPU.Build.0 = Debug|Any CPU
		{8299E19C-79E4-424D-9A72-EB34BCFE9E47}.Release|Any CPU.ActiveCfg = Release|Any CPU
		{8299E19C-79E4-424D-9A72-EB34BCFE9E47}.Release|Any CPU.Build.0 = Release|Any CPU
		{78BA2A86-6697-4539-80D1-BFF09E95F4CF}.Debug|Any CPU.ActiveCfg = Debug|Any CPU
		{78BA2A86-6697-4539-80D1-BFF09E95F4CF}.Debug|Any CPU.Build.0 = Debug|Any CPU
		{78BA2A86-6697-4539-80D1-BFF09E95F4CF}.Release|Any CPU.ActiveCfg = Release|Any CPU
		{78BA2A86-6697-4539-80D1-BFF09E95F4CF}.Release|Any CPU.Build.0 = Release|Any CPU
		{2263F45E-CA0A-48B7-A3EF-DA1697D9241D}.Debug|Any CPU.ActiveCfg = Debug|Any CPU
		{2263F45E-CA0A-48B7-A3EF-DA1697D9241D}.Debug|Any CPU.Build.0 = Debug|Any CPU
		{2263F45E-CA0A-48B7-A3EF-DA1697D9241D}.Release|Any CPU.ActiveCfg = Release|Any CPU
		{2263F45E-CA0A-48B7-A3EF-DA1697D9241D}.Release|Any CPU.Build.0 = Release|Any CPU
		{21D6034E-EA05-4E63-921C-3BC82902DF45}.Debug|Any CPU.ActiveCfg = Debug|Any CPU
		{21D6034E-EA05-4E63-921C-3BC82902DF45}.Debug|Any CPU.Build.0 = Debug|Any CPU
		{21D6034E-EA05-4E63-921C-3BC82902DF45}.Release|Any CPU.ActiveCfg = Release|Any CPU
		{21D6034E-EA05-4E63-921C-3BC82902DF45}.Release|Any CPU.Build.0 = Release|Any CPU
		{48F4E7F4-FDE5-4CBD-B5E3-ECF8D9DC7EAC}.Debug|Any CPU.ActiveCfg = Debug|Any CPU
		{48F4E7F4-FDE5-4CBD-B5E3-ECF8D9DC7EAC}.Debug|Any CPU.Build.0 = Debug|Any CPU
		{48F4E7F4-FDE5-4CBD-B5E3-ECF8D9DC7EAC}.Release|Any CPU.ActiveCfg = Release|Any CPU
		{48F4E7F4-FDE5-4CBD-B5E3-ECF8D9DC7EAC}.Release|Any CPU.Build.0 = Release|Any CPU
		{5DC65C9C-8776-4D03-8AFF-45D0AB7527B7}.Debug|Any CPU.ActiveCfg = Debug|Any CPU
		{5DC65C9C-8776-4D03-8AFF-45D0AB7527B7}.Debug|Any CPU.Build.0 = Debug|Any CPU
		{5DC65C9C-8776-4D03-8AFF-45D0AB7527B7}.Release|Any CPU.ActiveCfg = Release|Any CPU
		{5DC65C9C-8776-4D03-8AFF-45D0AB7527B7}.Release|Any CPU.Build.0 = Release|Any CPU
		{C6C6F558-F000-4760-8E84-793D7437FE99}.Debug|Any CPU.ActiveCfg = Debug|Any CPU
		{C6C6F558-F000-4760-8E84-793D7437FE99}.Debug|Any CPU.Build.0 = Debug|Any CPU
		{C6C6F558-F000-4760-8E84-793D7437FE99}.Release|Any CPU.ActiveCfg = Release|Any CPU
		{C6C6F558-F000-4760-8E84-793D7437FE99}.Release|Any CPU.Build.0 = Release|Any CPU
		{BAA2A8BE-3486-4D64-A455-0A2E387F6696}.Debug|Any CPU.ActiveCfg = Debug|Any CPU
		{BAA2A8BE-3486-4D64-A455-0A2E387F6696}.Debug|Any CPU.Build.0 = Debug|Any CPU
		{BAA2A8BE-3486-4D64-A455-0A2E387F6696}.Release|Any CPU.ActiveCfg = Release|Any CPU
		{BAA2A8BE-3486-4D64-A455-0A2E387F6696}.Release|Any CPU.Build.0 = Release|Any CPU
		{CDD6D816-FBD8-4051-938B-65A06B262FC7}.Debug|Any CPU.ActiveCfg = Debug|Any CPU
		{CDD6D816-FBD8-4051-938B-65A06B262FC7}.Debug|Any CPU.Build.0 = Debug|Any CPU
		{CDD6D816-FBD8-4051-938B-65A06B262FC7}.Release|Any CPU.ActiveCfg = Release|Any CPU
		{CDD6D816-FBD8-4051-938B-65A06B262FC7}.Release|Any CPU.Build.0 = Release|Any CPU
		{73E91D49-A273-4731-901F-58A34FA5CC19}.Debug|Any CPU.ActiveCfg = Debug|Any CPU
		{73E91D49-A273-4731-901F-58A34FA5CC19}.Debug|Any CPU.Build.0 = Debug|Any CPU
		{73E91D49-A273-4731-901F-58A34FA5CC19}.Release|Any CPU.ActiveCfg = Release|Any CPU
		{73E91D49-A273-4731-901F-58A34FA5CC19}.Release|Any CPU.Build.0 = Release|Any CPU
		{695E9A37-0DC3-424C-A779-5547874C3AA1}.Debug|Any CPU.ActiveCfg = Debug|Any CPU
		{695E9A37-0DC3-424C-A779-5547874C3AA1}.Debug|Any CPU.Build.0 = Debug|Any CPU
		{695E9A37-0DC3-424C-A779-5547874C3AA1}.Release|Any CPU.ActiveCfg = Release|Any CPU
		{695E9A37-0DC3-424C-A779-5547874C3AA1}.Release|Any CPU.Build.0 = Release|Any CPU
		{167BE5D3-9CBB-47C6-A6BA-55EBBF544528}.Debug|Any CPU.ActiveCfg = Debug|Any CPU
		{167BE5D3-9CBB-47C6-A6BA-55EBBF544528}.Debug|Any CPU.Build.0 = Debug|Any CPU
		{167BE5D3-9CBB-47C6-A6BA-55EBBF544528}.Release|Any CPU.ActiveCfg = Release|Any CPU
		{167BE5D3-9CBB-47C6-A6BA-55EBBF544528}.Release|Any CPU.Build.0 = Release|Any CPU
		{75172763-BA3D-43C1-BDF9-B00683862625}.Debug|Any CPU.ActiveCfg = Debug|Any CPU
		{75172763-BA3D-43C1-BDF9-B00683862625}.Debug|Any CPU.Build.0 = Debug|Any CPU
		{75172763-BA3D-43C1-BDF9-B00683862625}.Release|Any CPU.ActiveCfg = Release|Any CPU
		{75172763-BA3D-43C1-BDF9-B00683862625}.Release|Any CPU.Build.0 = Release|Any CPU
		{F95C1547-8391-4605-99DF-A11320FCD4C8}.Debug|Any CPU.ActiveCfg = Debug|Any CPU
		{F95C1547-8391-4605-99DF-A11320FCD4C8}.Debug|Any CPU.Build.0 = Debug|Any CPU
		{F95C1547-8391-4605-99DF-A11320FCD4C8}.Release|Any CPU.ActiveCfg = Release|Any CPU
		{F95C1547-8391-4605-99DF-A11320FCD4C8}.Release|Any CPU.Build.0 = Release|Any CPU
		{9BBBD3B8-C314-40D4-814E-6EF76834AECA}.Debug|Any CPU.ActiveCfg = Debug|Any CPU
		{9BBBD3B8-C314-40D4-814E-6EF76834AECA}.Debug|Any CPU.Build.0 = Debug|Any CPU
		{9BBBD3B8-C314-40D4-814E-6EF76834AECA}.Release|Any CPU.ActiveCfg = Release|Any CPU
		{9BBBD3B8-C314-40D4-814E-6EF76834AECA}.Release|Any CPU.Build.0 = Release|Any CPU
		{10D8734E-2BCA-4E3B-8D72-A4327574FB90}.Debug|Any CPU.ActiveCfg = Debug|Any CPU
		{10D8734E-2BCA-4E3B-8D72-A4327574FB90}.Debug|Any CPU.Build.0 = Debug|Any CPU
		{10D8734E-2BCA-4E3B-8D72-A4327574FB90}.Release|Any CPU.ActiveCfg = Release|Any CPU
		{10D8734E-2BCA-4E3B-8D72-A4327574FB90}.Release|Any CPU.Build.0 = Release|Any CPU
		{16F977DC-8A42-4DC3-A221-0A7270F7E499}.Debug|Any CPU.ActiveCfg = Debug|Any CPU
		{16F977DC-8A42-4DC3-A221-0A7270F7E499}.Debug|Any CPU.Build.0 = Debug|Any CPU
		{16F977DC-8A42-4DC3-A221-0A7270F7E499}.Release|Any CPU.ActiveCfg = Release|Any CPU
		{16F977DC-8A42-4DC3-A221-0A7270F7E499}.Release|Any CPU.Build.0 = Release|Any CPU
	EndGlobalSection
	GlobalSection(SolutionProperties) = preSolution
		HideSolutionNode = FALSE
	EndGlobalSection
	GlobalSection(NestedProjects) = preSolution
		{D35F0D20-A1AF-440E-A4FA-CFEFCF0ED88F} = {97ACE19E-FD73-438D-9FEC-FFDFB7010609}
		{59F24302-A42A-4BD3-9C85-91E434AA3BAB} = {97ACE19E-FD73-438D-9FEC-FFDFB7010609}
		{615E272B-860E-4C94-91BC-49261D38E02D} = {97ACE19E-FD73-438D-9FEC-FFDFB7010609}
		{970F60CB-9849-47E8-82AB-6213135AB12B} = {97ACE19E-FD73-438D-9FEC-FFDFB7010609}
		{0ADFE359-1868-4860-9AB2-CFFF8167D1E1} = {81EE84E9-7084-40E4-9470-92E1108DA259}
		{F1DB47EF-285F-45EB-8254-A2563E370D8E} = {81EE84E9-7084-40E4-9470-92E1108DA259}
		{04395490-6E79-4B61-996D-FB33FC738C96} = {81EE84E9-7084-40E4-9470-92E1108DA259}
		{2D0E8007-B078-4D7B-ADDA-94A484090A80} = {163CF48E-D7B5-411C-9E15-675F0118D84C}
		{A7C09A62-F442-4206-AB8A-E191244CC091} = {163CF48E-D7B5-411C-9E15-675F0118D84C}
		{D03B5410-7A16-4F4D-A6C1-D5DB220A28BD} = {163CF48E-D7B5-411C-9E15-675F0118D84C}
		{8C7765E4-D6AC-4F2E-B46C-37A5940EC9AF} = {163CF48E-D7B5-411C-9E15-675F0118D84C}
		{8299E19C-79E4-424D-9A72-EB34BCFE9E47} = {163CF48E-D7B5-411C-9E15-675F0118D84C}
		{78BA2A86-6697-4539-80D1-BFF09E95F4CF} = {0CB01797-11CC-4638-BD46-FFD198983F77}
		{2263F45E-CA0A-48B7-A3EF-DA1697D9241D} = {0CB01797-11CC-4638-BD46-FFD198983F77}
		{21D6034E-EA05-4E63-921C-3BC82902DF45} = {0CB01797-11CC-4638-BD46-FFD198983F77}
		{48F4E7F4-FDE5-4CBD-B5E3-ECF8D9DC7EAC} = {0CB01797-11CC-4638-BD46-FFD198983F77}
		{5DC65C9C-8776-4D03-8AFF-45D0AB7527B7} = {1BA2B81B-3CB2-4D1B-95F6-D429FEEBCCCE}
		{C6C6F558-F000-4760-8E84-793D7437FE99} = {1BA2B81B-3CB2-4D1B-95F6-D429FEEBCCCE}
		{BAA2A8BE-3486-4D64-A455-0A2E387F6696} = {1BA2B81B-3CB2-4D1B-95F6-D429FEEBCCCE}
		{CDD6D816-FBD8-4051-938B-65A06B262FC7} = {1BA2B81B-3CB2-4D1B-95F6-D429FEEBCCCE}
		{73E91D49-A273-4731-901F-58A34FA5CC19} = {1BA2B81B-3CB2-4D1B-95F6-D429FEEBCCCE}
		{695E9A37-0DC3-424C-A779-5547874C3AA1} = {1BA2B81B-3CB2-4D1B-95F6-D429FEEBCCCE}
		{167BE5D3-9CBB-47C6-A6BA-55EBBF544528} = {1BA2B81B-3CB2-4D1B-95F6-D429FEEBCCCE}
		{75172763-BA3D-43C1-BDF9-B00683862625} = {0D8F047A-42D3-45FC-B2FD-F1820E34A35E}
		{F95C1547-8391-4605-99DF-A11320FCD4C8} = {0D8F047A-42D3-45FC-B2FD-F1820E34A35E}
		{9BBBD3B8-C314-40D4-814E-6EF76834AECA} = {0D8F047A-42D3-45FC-B2FD-F1820E34A35E}
		{10D8734E-2BCA-4E3B-8D72-A4327574FB90} = {9A569E7F-5A09-4355-8282-0F17DB5AF2B7}
		{16F977DC-8A42-4DC3-A221-0A7270F7E499} = {9A569E7F-5A09-4355-8282-0F17DB5AF2B7}
	EndGlobalSection
EndGlobal
